
Microsoft Visual Studio Solution File, Format Version 12.00
# Visual Studio Version 17
VisualStudioVersion = 17.5.33424.131
MinimumVisualStudioVersion = 10.0.40219.1
Project("{9A19103F-16F7-4668-BE54-9A1E7A4F7556}") = "CloudCostomers.API", "CloudCostomers.API\CloudCostomers.API.csproj", "{F082DBD2-C76F-4728-A632-B5B7FDD3FC7E}"
EndProject
Project("{9A19103F-16F7-4668-BE54-9A1E7A4F7556}") = "CloudCostomers.UnitTests", "CloudCostomers.UnitTests\CloudCostomers.UnitTests.csproj", "{90E5AB14-89B3-46ED-A853-D420E80A60A7}"
EndProject
Project("{FAE04EC0-301F-11D3-BF4B-00C04F79EFBC}") = "CloudCostomers.Domain", "CloudCostomers.Domain\CloudCostomers.Domain.csproj", "{68CA9921-4226-4186-852E-35CB800A5AFD}"
EndProject
Global
	GlobalSection(SolutionConfigurationPlatforms) = preSolution
		Debug|Any CPU = Debug|Any CPU
		Release|Any CPU = Release|Any CPU
	EndGlobalSection
	GlobalSection(ProjectConfigurationPlatforms) = postSolution
		{F082DBD2-C76F-4728-A632-B5B7FDD3FC7E}.Debug|Any CPU.ActiveCfg = Debug|Any CPU
		{F082DBD2-C76F-4728-A632-B5B7FDD3FC7E}.Debug|Any CPU.Build.0 = Debug|Any CPU
		{F082DBD2-C76F-4728-A632-B5B7FDD3FC7E}.Release|Any CPU.ActiveCfg = Release|Any CPU
		{F082DBD2-C76F-4728-A632-B5B7FDD3FC7E}.Release|Any CPU.Build.0 = Release|Any CPU
		{90E5AB14-89B3-46ED-A853-D420E80A60A7}.Debug|Any CPU.ActiveCfg = Debug|Any CPU
		{90E5AB14-89B3-46ED-A853-D420E80A60A7}.Debug|Any CPU.Build.0 = Debug|Any CPU
		{90E5AB14-89B3-46ED-A853-D420E80A60A7}.Release|Any CPU.ActiveCfg = Release|Any CPU
		{90E5AB14-89B3-46ED-A853-D420E80A60A7}.Release|Any CPU.Build.0 = Release|Any CPU
		{68CA9921-4226-4186-852E-35CB800A5AFD}.Debug|Any CPU.ActiveCfg = Debug|Any CPU
		{68CA9921-4226-4186-852E-35CB800A5AFD}.Debug|Any CPU.Build.0 = Debug|Any CPU
		{68CA9921-4226-4186-852E-35CB800A5AFD}.Release|Any CPU.ActiveCfg = Release|Any CPU
		{68CA9921-4226-4186-852E-35CB800A5AFD}.Release|Any CPU.Build.0 = Release|Any CPU
	EndGlobalSection
	GlobalSection(SolutionProperties) = preSolution
		HideSolutionNode = FALSE
	EndGlobalSection
	GlobalSection(ExtensibilityGlobals) = postSolution
		SolutionGuid = {6AE0D65B-E6F0-4375-A20B-C47567485238}
	EndGlobalSection
EndGlobal
